# THIS IS AN AUTOGENERATED FILE. DO NOT EDIT THIS FILE DIRECTLY.
# yarn lockfile v1


zustand@^5.0.8:
  version "5.0.8"
  resolved "https://registry.yarnpkg.com/zustand/-/zustand-5.0.8.tgz#b998a0c088c7027a20f2709141a91cb07ac57f8a"
  integrity sha512-gyPKpIaxY9XcO2vSMrLbiER7QMAMGOQZVRdJ6Zi782jkbzZygq5GI9nG8g+sMgitRtndwaBSl7uiqC49o1SSiw==
